
Microsoft Visual Studio Solution File, Format Version 12.00
# Visual Studio Version 17
VisualStudioVersion = 17.9.34728.123
MinimumVisualStudioVersion = 10.0.40219.1
Project("{FAE04EC0-301F-11D3-BF4B-00C04F79EFBC}") = "Launcher Pluto", "Launcher Pluto.csproj", "{EBE59652-EC8A-4CBB-B666-3637FD4C8B60}"
EndProject
Global
	GlobalSection(SolutionConfigurationPlatforms) = preSolution
		Debug|Any CPU = Debug|Any CPU
		Release|Any CPU = Release|Any CPU
	EndGlobalSection
	GlobalSection(ProjectConfigurationPlatforms) = postSolution
		{EBE59652-EC8A-4CBB-B666-3637FD4C8B60}.Debug|Any CPU.ActiveCfg = Debug|Any CPU
		{EBE59652-EC8A-4CBB-B666-3637FD4C8B60}.Debug|Any CPU.Build.0 = Debug|Any CPU
		{EBE59652-EC8A-4CBB-B666-3637FD4C8B60}.Release|Any CPU.ActiveCfg = Release|Any CPU
		{EBE59652-EC8A-4CBB-B666-3637FD4C8B60}.Release|Any CPU.Build.0 = Release|Any CPU
	EndGlobalSection
	GlobalSection(SolutionProperties) = preSolution
		HideSolutionNode = FALSE
	EndGlobalSection
	GlobalSection(ExtensibilityGlobals) = postSolution
		SolutionGuid = {15C35E5D-31F6-41DF-B5DE-11177625AC47}
	EndGlobalSection
EndGlobal
